
Microsoft Visual Studio Solution File, Format Version 12.00
# Visual Studio Version 17
VisualStudioVersion = 17.13.35931.197
MinimumVisualStudioVersion = 10.0.40219.1
Project("{FAE04EC0-301F-11D3-BF4B-00C04F79EFBC}") = "Bank-Attemp-Final", "Bank-Attemp-Final\Bank-Attemp-Final.csproj", "{7D7BF118-F78E-4171-AB23-D3B025855465}"
EndProject
Project("{2150E333-8FDC-42A3-9474-1A3956D46DE8}") = "Entities", "Entities", "{02EA681E-C7D8-13C7-8484-4AC65E1B71E8}"
EndProject
Project("{FAE04EC0-301F-11D3-BF4B-00C04F79EFBC}") = "Models", "Models\Models.csproj", "{B2010D62-9BE8-4D75-94E1-76415DCCCF6B}"
EndProject
Project("{2150E333-8FDC-42A3-9474-1A3956D46DE8}") = "Helpers", "Helpers", "{4A6B19F5-86AD-4733-A9B4-E09FB014DE99}"
EndProject
Project("{FAE04EC0-301F-11D3-BF4B-00C04F79EFBC}") = "HelperContainer", "Helpers\HelperContainer.csproj", "{56663B35-B9E2-4585-B02D-81D3D4720B20}"
EndProject
Project("{2150E333-8FDC-42A3-9474-1A3956D46DE8}") = "Responses", "Responses", "{89A4638C-DEEB-4785-8CC6-ADFEB6526FD8}"
EndProject
Project("{FAE04EC0-301F-11D3-BF4B-00C04F79EFBC}") = "Response", "Response\Response.csproj", "{EE607749-C48B-4BF9-956B-335E5E47CB97}"
EndProject
Project("{2150E333-8FDC-42A3-9474-1A3956D46DE8}") = "DTO", "DTO", "{58BAA2C6-1824-4E53-9D16-41E74FEFB27C}"
EndProject
Project("{FAE04EC0-301F-11D3-BF4B-00C04F79EFBC}") = "ModelDto", "ModelDto\ModelDto.csproj", "{7912B8A6-B9AF-44BB-AB7B-35125384A76F}"
EndProject
Project("{2150E333-8FDC-42A3-9474-1A3956D46DE8}") = "Services", "Services", "{38B5F54F-7DB4-4B2B-AC08-8485DE7DEF1F}"
EndProject
Project("{FAE04EC0-301F-11D3-BF4B-00C04F79EFBC}") = "Service", "IService\Service.csproj", "{6D17D6FD-F066-46BE-80C4-8644B2926093}"
EndProject
Project("{2150E333-8FDC-42A3-9474-1A3956D46DE8}") = "Testing", "Testing", "{68B2C555-BFB2-4AF8-8FF1-A99032A8426E}"
EndProject
Project("{FAE04EC0-301F-11D3-BF4B-00C04F79EFBC}") = "ProjectTesting", "ProjectTesting\ProjectTesting.csproj", "{D23A8A5E-4091-4CA7-920C-15DC02DA72DC}"
EndProject
Global
	GlobalSection(SolutionConfigurationPlatforms) = preSolution
		Debug|Any CPU = Debug|Any CPU
		Release|Any CPU = Release|Any CPU
	EndGlobalSection
	GlobalSection(ProjectConfigurationPlatforms) = postSolution
		{7D7BF118-F78E-4171-AB23-D3B025855465}.Debug|Any CPU.ActiveCfg = Debug|Any CPU
		{7D7BF118-F78E-4171-AB23-D3B025855465}.Debug|Any CPU.Build.0 = Debug|Any CPU
		{7D7BF118-F78E-4171-AB23-D3B025855465}.Release|Any CPU.ActiveCfg = Release|Any CPU
		{7D7BF118-F78E-4171-AB23-D3B025855465}.Release|Any CPU.Build.0 = Release|Any CPU
		{B2010D62-9BE8-4D75-94E1-76415DCCCF6B}.Debug|Any CPU.ActiveCfg = Debug|Any CPU
		{B2010D62-9BE8-4D75-94E1-76415DCCCF6B}.Debug|Any CPU.Build.0 = Debug|Any CPU
		{B2010D62-9BE8-4D75-94E1-76415DCCCF6B}.Release|Any CPU.ActiveCfg = Release|Any CPU
		{B2010D62-9BE8-4D75-94E1-76415DCCCF6B}.Release|Any CPU.Build.0 = Release|Any CPU
		{56663B35-B9E2-4585-B02D-81D3D4720B20}.Debug|Any CPU.ActiveCfg = Debug|Any CPU
		{56663B35-B9E2-4585-B02D-81D3D4720B20}.Debug|Any CPU.Build.0 = Debug|Any CPU
		{56663B35-B9E2-4585-B02D-81D3D4720B20}.Release|Any CPU.ActiveCfg = Release|Any CPU
		{56663B35-B9E2-4585-B02D-81D3D4720B20}.Release|Any CPU.Build.0 = Release|Any CPU
		{EE607749-C48B-4BF9-956B-335E5E47CB97}.Debug|Any CPU.ActiveCfg = Debug|Any CPU
		{EE607749-C48B-4BF9-956B-335E5E47CB97}.Debug|Any CPU.Build.0 = Debug|Any CPU
		{EE607749-C48B-4BF9-956B-335E5E47CB97}.Release|Any CPU.ActiveCfg = Release|Any CPU
		{EE607749-C48B-4BF9-956B-335E5E47CB97}.Release|Any CPU.Build.0 = Release|Any CPU
		{7912B8A6-B9AF-44BB-AB7B-35125384A76F}.Debug|Any CPU.ActiveCfg = Debug|Any CPU
		{7912B8A6-B9AF-44BB-AB7B-35125384A76F}.Debug|Any CPU.Build.0 = Debug|Any CPU
		{7912B8A6-B9AF-44BB-AB7B-35125384A76F}.Release|Any CPU.ActiveCfg = Release|Any CPU
		{7912B8A6-B9AF-44BB-AB7B-35125384A76F}.Release|Any CPU.Build.0 = Release|Any CPU
		{6D17D6FD-F066-46BE-80C4-8644B2926093}.Debug|Any CPU.ActiveCfg = Debug|Any CPU
		{6D17D6FD-F066-46BE-80C4-8644B2926093}.Debug|Any CPU.Build.0 = Debug|Any CPU
		{6D17D6FD-F066-46BE-80C4-8644B2926093}.Release|Any CPU.ActiveCfg = Release|Any CPU
		{6D17D6FD-F066-46BE-80C4-8644B2926093}.Release|Any CPU.Build.0 = Release|Any CPU
		{D23A8A5E-4091-4CA7-920C-15DC02DA72DC}.Debug|Any CPU.ActiveCfg = Debug|Any CPU
		{D23A8A5E-4091-4CA7-920C-15DC02DA72DC}.Debug|Any CPU.Build.0 = Debug|Any CPU
		{D23A8A5E-4091-4CA7-920C-15DC02DA72DC}.Release|Any CPU.ActiveCfg = Release|Any CPU
		{D23A8A5E-4091-4CA7-920C-15DC02DA72DC}.Release|Any CPU.Build.0 = Release|Any CPU
	EndGlobalSection
	GlobalSection(SolutionProperties) = preSolution
		HideSolutionNode = FALSE
	EndGlobalSection
	GlobalSection(NestedProjects) = preSolution
		{B2010D62-9BE8-4D75-94E1-76415DCCCF6B} = {02EA681E-C7D8-13C7-8484-4AC65E1B71E8}
		{56663B35-B9E2-4585-B02D-81D3D4720B20} = {4A6B19F5-86AD-4733-A9B4-E09FB014DE99}
		{EE607749-C48B-4BF9-956B-335E5E47CB97} = {89A4638C-DEEB-4785-8CC6-ADFEB6526FD8}
		{7912B8A6-B9AF-44BB-AB7B-35125384A76F} = {58BAA2C6-1824-4E53-9D16-41E74FEFB27C}
		{6D17D6FD-F066-46BE-80C4-8644B2926093} = {38B5F54F-7DB4-4B2B-AC08-8485DE7DEF1F}
		{D23A8A5E-4091-4CA7-920C-15DC02DA72DC} = {68B2C555-BFB2-4AF8-8FF1-A99032A8426E}
	EndGlobalSection
	GlobalSection(ExtensibilityGlobals) = postSolution
		SolutionGuid = {1A1D51C0-DB4D-4DF4-83D3-C70D702F9988}
	EndGlobalSection
EndGlobal
